
Microsoft Visual Studio Solution File, Format Version 12.00
# Visual Studio Version 17
VisualStudioVersion = 17.9.34902.65
MinimumVisualStudioVersion = 10.0.40219.1
Project("{FAE04EC0-301F-11D3-BF4B-00C04F79EFBC}") = "Proyecto-Programacion", "Proyecto-Programacion.csproj", "{39C9FE3D-CA9A-4DC5-8770-474BEDB5FC18}"
EndProject
Global
	GlobalSection(SolutionConfigurationPlatforms) = preSolution
		Debug|Any CPU = Debug|Any CPU
		Release|Any CPU = Release|Any CPU
	EndGlobalSection
	GlobalSection(ProjectConfigurationPlatforms) = postSolution
		{39C9FE3D-CA9A-4DC5-8770-474BEDB5FC18}.Debug|Any CPU.ActiveCfg = Debug|Any CPU
		{39C9FE3D-CA9A-4DC5-8770-474BEDB5FC18}.Debug|Any CPU.Build.0 = Debug|Any CPU
		{39C9FE3D-CA9A-4DC5-8770-474BEDB5FC18}.Release|Any CPU.ActiveCfg = Release|Any CPU
		{39C9FE3D-CA9A-4DC5-8770-474BEDB5FC18}.Release|Any CPU.Build.0 = Release|Any CPU
	EndGlobalSection
	GlobalSection(SolutionProperties) = preSolution
		HideSolutionNode = FALSE
	EndGlobalSection
	GlobalSection(ExtensibilityGlobals) = postSolution
		SolutionGuid = {2C54F4BA-FC51-4234-83E4-A081D7C6D9F9}
	EndGlobalSection
EndGlobal
